
Microsoft Visual Studio Solution File, Format Version 12.00
# Visual Studio 15
VisualStudioVersion = 15.0.26730.12
MinimumVisualStudioVersion = 10.0.40219.1
Project("{FAE04EC0-301F-11D3-BF4B-00C04F79EFBC}") = "FriendOrganizer.UI", "FriendOrganizer.UI\FriendOrganizer.UI.csproj", "{C7981671-8B91-4DC3-8B64-45394F9820D3}"
EndProject
Project("{FAE04EC0-301F-11D3-BF4B-00C04F79EFBC}") = "FriendOrganizer.DataAccess", "FriendOrganizer.DataAccess\FriendOrganizer.DataAccess.csproj", "{581953E7-C5FD-41C2-8D69-F143DB85E384}"
EndProject
Project("{FAE04EC0-301F-11D3-BF4B-00C04F79EFBC}") = "FriendOrganizer.Model", "FriendOrganizer.Model\FriendOrganizer.Model.csproj", "{C7EF0664-1445-4805-9180-E94BC2197BFB}"
EndProject
Global
	GlobalSection(SolutionConfigurationPlatforms) = preSolution
		Debug|Any CPU = Debug|Any CPU
		Release|Any CPU = Release|Any CPU
	EndGlobalSection
	GlobalSection(ProjectConfigurationPlatforms) = postSolution
		{C7981671-8B91-4DC3-8B64-45394F9820D3}.Debug|Any CPU.ActiveCfg = Debug|Any CPU
		{C7981671-8B91-4DC3-8B64-45394F9820D3}.Debug|Any CPU.Build.0 = Debug|Any CPU
		{C7981671-8B91-4DC3-8B64-45394F9820D3}.Release|Any CPU.ActiveCfg = Release|Any CPU
		{C7981671-8B91-4DC3-8B64-45394F9820D3}.Release|Any CPU.Build.0 = Release|Any CPU
		{581953E7-C5FD-41C2-8D69-F143DB85E384}.Debug|Any CPU.ActiveCfg = Debug|Any CPU
		{581953E7-C5FD-41C2-8D69-F143DB85E384}.Debug|Any CPU.Build.0 = Debug|Any CPU
		{581953E7-C5FD-41C2-8D69-F143DB85E384}.Release|Any CPU.ActiveCfg = Release|Any CPU
		{581953E7-C5FD-41C2-8D69-F143DB85E384}.Release|Any CPU.Build.0 = Release|Any CPU
		{C7EF0664-1445-4805-9180-E94BC2197BFB}.Debug|Any CPU.ActiveCfg = Debug|Any CPU
		{C7EF0664-1445-4805-9180-E94BC2197BFB}.Debug|Any CPU.Build.0 = Debug|Any CPU
		{C7EF0664-1445-4805-9180-E94BC2197BFB}.Release|Any CPU.ActiveCfg = Release|Any CPU
		{C7EF0664-1445-4805-9180-E94BC2197BFB}.Release|Any CPU.Build.0 = Release|Any CPU
	EndGlobalSection
	GlobalSection(SolutionProperties) = preSolution
		HideSolutionNode = FALSE
	EndGlobalSection
	GlobalSection(ExtensibilityGlobals) = postSolution
		SolutionGuid = {46BA5665-F200-4211-9D7B-D42C17070818}
	EndGlobalSection
EndGlobal
